{
  "lockfile_version": "1",
  "packages": {
    "code-server@latest": {
      "last_modified": "2026-01-23T17:20:52Z",
      "resolved": "github:NixOS/nixpkgs/a1bab9e494f5f4939442a57a58d0449a109593fe#code-server",
      "source": "devbox-search",
      "version": "4.91.1",
      "systems": {
        "aarch64-linux": {
          "outputs": [
            {
              "name": "out",
              "path": "/nix/store/j7yik5pb9wm6ll9zf4pan41d9dnp7vvj-code-server-4.91.1",
              "default": true
            }
          ],
          "store_path": "/nix/store/j7yik5pb9wm6ll9zf4pan41d9dnp7vvj-code-server-4.91.1"
        },
        "x86_64-darwin": {
          "outputs": [
            {
              "name": "out",
              "path": "/nix/store/632zqbzqg29dh6pp1vvs67qlnwfk3060-code-server-4.91.1",
              "default": true
            }
          ],
          "store_path": "/nix/store/632zqbzqg29dh6pp1vvs67qlnwfk3060-code-server-4.91.1"
        },
        "x86_64-linux": {
          "outputs": [
            {
              "name": "out",
              "path": "/nix/store/f6xfncs0lg23h39kqb08dd6ai5f3cgv6-code-server-4.91.1",
              "default": true
            }
          ],
          "store_path": "/nix/store/f6xfncs0lg23h39kqb08dd6ai5f3cgv6-code-server-4.91.1"
        }
      }
    },
    "fluxcd-operator@latest": {
      "last_modified": "2026-01-27T15:18:14Z",
      "resolved": "github:NixOS/nixpkgs/afce96367b2e37fc29afb5543573cd49db3357b7#fluxcd-operator",
      "source": "devbox-search",
      "version": "0.40.0",
      "systems": {
        "aarch64-darwin": {
          "outputs": [
            {
              "name": "out",
              "path": "/nix/store/f6gq8ig73isi8ci570hz5sy60zf4pk2n-fluxcd-operator-0.40.0",
              "default": true
            }
          ],
          "store_path": "/nix/store/f6gq8ig73isi8ci570hz5sy60zf4pk2n-fluxcd-operator-0.40.0"
        },
        "aarch64-linux": {
          "outputs": [
            {
              "name": "out",
              "path": "/nix/store/am2jwnz0ahd87c0vwawl4j45ndxhsg7w-fluxcd-operator-0.40.0",
              "default": true
            }
          ],
          "store_path": "/nix/store/am2jwnz0ahd87c0vwawl4j45ndxhsg7w-fluxcd-operator-0.40.0"
        },
        "x86_64-darwin": {
          "outputs": [
            {
              "name": "out",
              "path": "/nix/store/b5bvbwf0gisivwbl3j61w91vdr6ihvz8-fluxcd-operator-0.40.0",
              "default": true
            }
          ],
          "store_path": "/nix/store/b5bvbwf0gisivwbl3j61w91vdr6ihvz8-fluxcd-operator-0.40.0"
        },
        "x86_64-linux": {
          "outputs": [
            {
              "name": "out",
              "path": "/nix/store/lj41iza8hyvavvim70qdzf3blg90fmqr-fluxcd-operator-0.40.0",
              "default": true
            }
          ],
          "store_path": "/nix/store/lj41iza8hyvavvim70qdzf3blg90fmqr-fluxcd-operator-0.40.0"
        }
      }
    },
    "fluxcd@latest": {
      "last_modified": "2026-01-23T17:20:52Z",
      "resolved": "github:NixOS/nixpkgs/a1bab9e494f5f4939442a57a58d0449a109593fe#fluxcd",
      "source": "devbox-search",
      "version": "2.7.5",
      "systems": {
        "aarch64-darwin": {
          "outputs": [
            {
              "name": "out",
              "path": "/nix/store/1cbih5zz2va96hnf7jaw7ya3z3g326qh-fluxcd-2.7.5",
              "default": true
            }
          ],
          "store_path": "/nix/store/1cbih5zz2va96hnf7jaw7ya3z3g326qh-fluxcd-2.7.5"
        },
        "aarch64-linux": {
          "outputs": [
            {
              "name": "out",
              "path": "/nix/store/swwnkd6k14j4wa9cbalba6fmbqy3nrn2-fluxcd-2.7.5",
              "default": true
            }
          ],
          "store_path": "/nix/store/swwnkd6k14j4wa9cbalba6fmbqy3nrn2-fluxcd-2.7.5"
        },
        "x86_64-darwin": {
          "outputs": [
            {
              "name": "out",
              "path": "/nix/store/chaq3jmbd5bld44jnzvhjv8n74ynlswn-fluxcd-2.7.5",
              "default": true
            }
          ],
          "store_path": "/nix/store/chaq3jmbd5bld44jnzvhjv8n74ynlswn-fluxcd-2.7.5"
        },
        "x86_64-linux": {
          "outputs": [
            {
              "name": "out",
              "path": "/nix/store/2idl8rpfz224vaa2hf7flly05fh31dkk-fluxcd-2.7.5",
              "default": true
            }
          ],
          "store_path": "/nix/store/2idl8rpfz224vaa2hf7flly05fh31dkk-fluxcd-2.7.5"
        }
      }
    },
    "github:NixOS/nixpkgs/nixpkgs-unstable": {
      "last_modified": "2026-01-30T02:32:49Z",
      "resolved": "github:NixOS/nixpkgs/6308c3b21396534d8aaeac46179c14c439a89b8a?lastModified=1769740369&narHash=sha256-xKPyJoMoXfXpDM5DFDZDsi9PHArf2k5BJjvReYXoFpM%3D"
    },
    "go-task@latest": {
      "last_modified": "2026-01-23T17:20:52Z",
      "resolved": "github:NixOS/nixpkgs/a1bab9e494f5f4939442a57a58d0449a109593fe#go-task",
      "source": "devbox-search",
      "version": "3.45.5",
      "systems": {
        "aarch64-darwin": {
          "outputs": [
            {
              "name": "out",
              "path": "/nix/store/siijbf12pnf32gx7mjixfbv9388h2wrl-go-task-3.45.5",
              "default": true
            }
          ],
          "store_path": "/nix/store/siijbf12pnf32gx7mjixfbv9388h2wrl-go-task-3.45.5"
        },
        "aarch64-linux": {
          "outputs": [
            {
              "name": "out",
              "path": "/nix/store/bz644gcz6r6z0ih6r7njxj9disqzf1z6-go-task-3.45.5",
              "default": true
            }
          ],
          "store_path": "/nix/store/bz644gcz6r6z0ih6r7njxj9disqzf1z6-go-task-3.45.5"
        },
        "x86_64-darwin": {
          "outputs": [
            {
              "name": "out",
              "path": "/nix/store/qb65b2d47v84cj48ldppv2mwnqkla52z-go-task-3.45.5",
              "default": true
            }
          ],
          "store_path": "/nix/store/qb65b2d47v84cj48ldppv2mwnqkla52z-go-task-3.45.5"
        },
        "x86_64-linux": {
          "outputs": [
            {
              "name": "out",
              "path": "/nix/store/hwhz6lp5y525yf4jr92q83n2y4swapby-go-task-3.45.5",
              "default": true
            }
          ],
          "store_path": "/nix/store/hwhz6lp5y525yf4jr92q83n2y4swapby-go-task-3.45.5"
        }
      }
    },
    "jq@latest": {
      "last_modified": "2026-01-24T23:43:55Z",
      "resolved": "github:NixOS/nixpkgs/26b0093bc977081dc7653175a3fadab11e07bed7#jq",
      "source": "devbox-search",
      "version": "1.8.1",
      "systems": {
        "aarch64-darwin": {
          "outputs": [
            {
              "name": "bin",
              "path": "/nix/store/qjs0qndyz1g97rsc1zp4cd692y5iph64-jq-1.8.1-bin",
              "default": true
            },
            {
              "name": "man",
              "path": "/nix/store/jlpyybc7pdh4gk17dc266d6a1szm7dk6-jq-1.8.1-man",
              "default": true
            },
            {
              "name": "dev",
              "path": "/nix/store/bhryp10d5w5h9rsav5k9m9jb55z26bsl-jq-1.8.1-dev"
            },
            {
              "name": "doc",
              "path": "/nix/store/238sn0gg3i3i9v6kgx4g1k6b19frzy49-jq-1.8.1-doc"
            },
            {
              "name": "out",
              "path": "/nix/store/n64h0247s3674kry90l6kszx06zyrgfn-jq-1.8.1"
            }
          ],
          "store_path": "/nix/store/qjs0qndyz1g97rsc1zp4cd692y5iph64-jq-1.8.1-bin"
        },
        "aarch64-linux": {
          "outputs": [
            {
              "name": "bin",
              "path": "/nix/store/c1qm5fsn6qbl09xdjx649vifabypyywd-jq-1.8.1-bin",
              "default": true
            },
            {
              "name": "man",
              "path": "/nix/store/2pjwv0ab8nilrg1lvjazf9y9w6g6pk5y-jq-1.8.1-man",
              "default": true
            },
            {
              "name": "dev",
              "path": "/nix/store/2sy4y09ddbi64pbg4is078110z70jsdw-jq-1.8.1-dev"
            },
            {
              "name": "doc",
              "path": "/nix/store/vx81xggapqwdd2l64mmxrkbafih461jc-jq-1.8.1-doc"
            },
            {
              "name": "out",
              "path": "/nix/store/cfhajjz1k7gf31krbj18q9acb54xp5z9-jq-1.8.1"
            }
          ],
          "store_path": "/nix/store/c1qm5fsn6qbl09xdjx649vifabypyywd-jq-1.8.1-bin"
        },
        "x86_64-darwin": {
          "outputs": [
            {
              "name": "bin",
              "path": "/nix/store/51343hgchh7by4l8r1g244ma05ny3x0b-jq-1.8.1-bin",
              "default": true
            },
            {
              "name": "man",
              "path": "/nix/store/vx840ik1sj1h8fhqwa40aglvrgpa0r18-jq-1.8.1-man",
              "default": true
            },
            {
              "name": "dev",
              "path": "/nix/store/pp2hrljvalrrwyxh7is69nnlmxb2m7lk-jq-1.8.1-dev"
            },
            {
              "name": "doc",
              "path": "/nix/store/h05xaf7fsasgp8cpyar2195cc8lbgih8-jq-1.8.1-doc"
            },
            {
              "name": "out",
              "path": "/nix/store/bmg2xfw86wavg7fm062nyf6v48xzxh0j-jq-1.8.1"
            }
          ],
          "store_path": "/nix/store/51343hgchh7by4l8r1g244ma05ny3x0b-jq-1.8.1-bin"
        },
        "x86_64-linux": {
          "outputs": [
            {
              "name": "bin",
              "path": "/nix/store/qnaw7i777j52fpgbl5pgmzkq85znp083-jq-1.8.1-bin",
              "default": true
            },
            {
              "name": "man",
              "path": "/nix/store/6mh88qsh57ivh31c5nqxc43n0hv9xhbk-jq-1.8.1-man",
              "default": true
            },
            {
              "name": "dev",
              "path": "/nix/store/d73i1fvhrqms0sbfrvqaynsr8iva216v-jq-1.8.1-dev"
            },
            {
              "name": "doc",
              "path": "/nix/store/3ynrp4ypwv1g1jgsk638443p8lpd9g8f-jq-1.8.1-doc"
            },
            {
              "name": "out",
              "path": "/nix/store/fgsvqffyvcpjqs093wwf2d6dzxnmnqnv-jq-1.8.1"
            }
          ],
          "store_path": "/nix/store/qnaw7i777j52fpgbl5pgmzkq85znp083-jq-1.8.1-bin"
        }
      }
    },
    "kube-capacity@latest": {
      "last_modified": "2026-01-23T17:20:52Z",
      "resolved": "github:NixOS/nixpkgs/a1bab9e494f5f4939442a57a58d0449a109593fe#kube-capacity",
      "source": "devbox-search",
      "version": "0.8.0",
      "systems": {
        "aarch64-darwin": {
          "outputs": [
            {
              "name": "out",
              "path": "/nix/store/vkwj9l49wnla8p9y3zivapdpa6jcv82a-kube-capacity-0.8.0",
              "default": true
            }
          ],
          "store_path": "/nix/store/vkwj9l49wnla8p9y3zivapdpa6jcv82a-kube-capacity-0.8.0"
        },
        "aarch64-linux": {
          "outputs": [
            {
              "name": "out",
              "path": "/nix/store/lsbwv2v62h1ppydxwnirfmvjbr5b3qa1-kube-capacity-0.8.0",
              "default": true
            }
          ],
          "store_path": "/nix/store/lsbwv2v62h1ppydxwnirfmvjbr5b3qa1-kube-capacity-0.8.0"
        },
        "x86_64-darwin": {
          "outputs": [
            {
              "name": "out",
              "path": "/nix/store/lpmyrkdg1wks0yxf88ypi0b6qssmnbzn-kube-capacity-0.8.0",
              "default": true
            }
          ],
          "store_path": "/nix/store/lpmyrkdg1wks0yxf88ypi0b6qssmnbzn-kube-capacity-0.8.0"
        },
        "x86_64-linux": {
          "outputs": [
            {
              "name": "out",
              "path": "/nix/store/v5460h9w4agc1knns14psz80ng1fwm76-kube-capacity-0.8.0",
              "default": true
            }
          ],
          "store_path": "/nix/store/v5460h9w4agc1knns14psz80ng1fwm76-kube-capacity-0.8.0"
        }
      }
    },
    "kubernetes-helm@latest": {
      "last_modified": "2026-01-23T17:20:52Z",
      "resolved": "github:NixOS/nixpkgs/a1bab9e494f5f4939442a57a58d0449a109593fe#kubernetes-helm",
      "source": "devbox-search",
      "version": "3.19.1",
      "systems": {
        "aarch64-darwin": {
          "outputs": [
            {
              "name": "out",
              "path": "/nix/store/gw5jvq4r17iqh751g7v71svxb3ncq7si-kubernetes-helm-3.19.1",
              "default": true
            }
          ],
          "store_path": "/nix/store/gw5jvq4r17iqh751g7v71svxb3ncq7si-kubernetes-helm-3.19.1"
        },
        "aarch64-linux": {
          "outputs": [
            {
              "name": "out",
              "path": "/nix/store/j1fh4wfj0b1dk87q0irz73k8gcqhr2ak-kubernetes-helm-3.19.1",
              "default": true
            }
          ],
          "store_path": "/nix/store/j1fh4wfj0b1dk87q0irz73k8gcqhr2ak-kubernetes-helm-3.19.1"
        },
        "x86_64-darwin": {
          "outputs": [
            {
              "name": "out",
              "path": "/nix/store/9g0nwl9nrf2rjs4kgz6yclr335jdq1r5-kubernetes-helm-3.19.1",
              "default": true
            }
          ],
          "store_path": "/nix/store/9g0nwl9nrf2rjs4kgz6yclr335jdq1r5-kubernetes-helm-3.19.1"
        },
        "x86_64-linux": {
          "outputs": [
            {
              "name": "out",
              "path": "/nix/store/n4np4p37d3k0nw0h4v9vvyrk8hj0qly0-kubernetes-helm-3.19.1",
              "default": true
            }
          ],
          "store_path": "/nix/store/n4np4p37d3k0nw0h4v9vvyrk8hj0qly0-kubernetes-helm-3.19.1"
        }
      }
    },
    "kustomize@latest": {
      "last_modified": "2026-01-23T17:20:52Z",
      "resolved": "github:NixOS/nixpkgs/a1bab9e494f5f4939442a57a58d0449a109593fe#kustomize",
      "source": "devbox-search",
      "version": "5.8.0",
      "systems": {
        "aarch64-darwin": {
          "outputs": [
            {
              "name": "out",
              "path": "/nix/store/1jsi4vib5i93211xjmidag2v4ms6ad01-kustomize-5.8.0",
              "default": true
            }
          ],
          "store_path": "/nix/store/1jsi4vib5i93211xjmidag2v4ms6ad01-kustomize-5.8.0"
        },
        "aarch64-linux": {
          "outputs": [
            {
              "name": "out",
              "path": "/nix/store/0x4jksb2wfci0qb1415afvffx3cclr5a-kustomize-5.8.0",
              "default": true
            }
          ],
          "store_path": "/nix/store/0x4jksb2wfci0qb1415afvffx3cclr5a-kustomize-5.8.0"
        },
        "x86_64-darwin": {
          "outputs": [
            {
              "name": "out",
              "path": "/nix/store/if4b679gapwpn9fiz4hqakdb7m6n7gbl-kustomize-5.8.0",
              "default": true
            }
          ],
          "store_path": "/nix/store/if4b679gapwpn9fiz4hqakdb7m6n7gbl-kustomize-5.8.0"
        },
        "x86_64-linux": {
          "outputs": [
            {
              "name": "out",
              "path": "/nix/store/hfcikvrjjd72cs0p8sv11b4kblfjpwif-kustomize-5.8.0",
              "default": true
            }
          ],
          "store_path": "/nix/store/hfcikvrjjd72cs0p8sv11b4kblfjpwif-kustomize-5.8.0"
        }
      }
    },
    "runme@latest": {
      "last_modified": "2026-01-23T17:20:52Z",
      "resolved": "github:NixOS/nixpkgs/a1bab9e494f5f4939442a57a58d0449a109593fe#runme",
      "source": "devbox-search",
      "version": "3.16.4",
      "systems": {
        "aarch64-darwin": {
          "outputs": [
            {
              "name": "out",
              "path": "/nix/store/xdm99pqbghdg6k428bix66pf4s1p8xmc-runme-3.16.4",
              "default": true
            }
          ],
          "store_path": "/nix/store/xdm99pqbghdg6k428bix66pf4s1p8xmc-runme-3.16.4"
        },
        "aarch64-linux": {
          "outputs": [
            {
              "name": "out",
              "path": "/nix/store/a4b96z7kznj94rdv2fj10gj6fv1hx8gi-runme-3.16.4",
              "default": true
            }
          ],
          "store_path": "/nix/store/a4b96z7kznj94rdv2fj10gj6fv1hx8gi-runme-3.16.4"
        },
        "x86_64-darwin": {
          "outputs": [
            {
              "name": "out",
              "path": "/nix/store/cx4z6w23v6d3nk84vlj9wyv3r8js3dx9-runme-3.16.4",
              "default": true
            }
          ],
          "store_path": "/nix/store/cx4z6w23v6d3nk84vlj9wyv3r8js3dx9-runme-3.16.4"
        },
        "x86_64-linux": {
          "outputs": [
            {
              "name": "out",
              "path": "/nix/store/cbzih85jbk0zwxaqfhcrhln4nsnxmvag-runme-3.16.4",
              "default": true
            }
          ],
          "store_path": "/nix/store/cbzih85jbk0zwxaqfhcrhln4nsnxmvag-runme-3.16.4"
        }
      }
    },
    "yq-go@latest": {
      "last_modified": "2026-01-23T17:20:52Z",
      "resolved": "github:NixOS/nixpkgs/a1bab9e494f5f4939442a57a58d0449a109593fe#yq-go",
      "source": "devbox-search",
      "version": "4.50.1",
      "systems": {
        "aarch64-darwin": {
          "outputs": [
            {
              "name": "out",
              "path": "/nix/store/97s2svj2zrsfmwgpdxqrq99n3n40plyd-yq-go-4.50.1",
              "default": true
            }
          ],
          "store_path": "/nix/store/97s2svj2zrsfmwgpdxqrq99n3n40plyd-yq-go-4.50.1"
        },
        "aarch64-linux": {
          "outputs": [
            {
              "name": "out",
              "path": "/nix/store/4vfppipshrf3b604p3nqy6xy34n7hm1r-yq-go-4.50.1",
              "default": true
            }
          ],
          "store_path": "/nix/store/4vfppipshrf3b604p3nqy6xy34n7hm1r-yq-go-4.50.1"
        },
        "x86_64-darwin": {
          "outputs": [
            {
              "name": "out",
              "path": "/nix/store/z3r8ynh5vwm66vf7i2czc164rwvch7cz-yq-go-4.50.1",
              "default": true
            }
          ],
          "store_path": "/nix/store/z3r8ynh5vwm66vf7i2czc164rwvch7cz-yq-go-4.50.1"
        },
        "x86_64-linux": {
          "outputs": [
            {
              "name": "out",
              "path": "/nix/store/vw048akg3chy15xk9anfiv4jkkq0g40x-yq-go-4.50.1",
              "default": true
            }
          ],
          "store_path": "/nix/store/vw048akg3chy15xk9anfiv4jkkq0g40x-yq-go-4.50.1"
        }
      }
    }
  }
}
